{
  "version": "4",
  "specifiers": {
    "jsr:@std/fs@^1.0.16": "1.0.16",
    "jsr:@std/path@^1.0.8": "1.0.8"
  },
  "jsr": {
    "@std/fs@1.0.16": {
      "integrity": "81878f62b6eeda0bf546197fc3daa5327c132fee1273f6113f940784a468b036",
      "dependencies": [
        "jsr:@std/path"
      ]
    },
    "@std/path@1.0.8": {
      "integrity": "548fa456bb6a04d3c1a1e7477986b6cffbce95102d0bb447c67c4ee70e0364be"
    }
  },
  "redirects": {
    "https://deno.land/x/": "https://deno.land/x",
    "https://deno.land/x/mimetypes": "https://deno.land/x/mimetypes@v1.0.0",
    "https://deno.land/x/mimetypes/mod.ts": "https://deno.land/x/mimetypes@v1.0.0/mod.ts"
  },
  "remote": {
    "https://deno.land/x/mimetypes@v1.0.0/mod.ts": "abd1ea614b32cfa7fd50b46f6e070617696664698b8a34935dc807f3035ad408",
    "https://deno.land/x/mimetypes@v1.0.0/src/mime.ts": "7cd7590eae6127dc1abfe710900fc749e94d5c715ffe8a148e59fe20ee21a9a5"
  },
  "workspace": {
    "dependencies": [
      "jsr:@std/fs@^1.0.16"
    ]
  }
}
